
Microsoft Visual Studio Solution File, Format Version 12.00
# Visual Studio Version 17
VisualStudioVersion = 17.11.35327.3
MinimumVisualStudioVersion = 10.0.40219.1
Project("{9A19103F-16F7-4668-BE54-9A1E7A4F7556}") = "BookHistoryApp", "BookHistoryApp.csproj", "{31127463-E874-4FFA-ADF3-D592A28CF4E1}"
EndProject
Global
	GlobalSection(SolutionConfigurationPlatforms) = preSolution
		Debug|Any CPU = Debug|Any CPU
		Release|Any CPU = Release|Any CPU
	EndGlobalSection
	GlobalSection(ProjectConfigurationPlatforms) = postSolution
		{31127463-E874-4FFA-ADF3-D592A28CF4E1}.Debug|Any CPU.ActiveCfg = Debug|Any CPU
		{31127463-E874-4FFA-ADF3-D592A28CF4E1}.Debug|Any CPU.Build.0 = Debug|Any CPU
		{31127463-E874-4FFA-ADF3-D592A28CF4E1}.Release|Any CPU.ActiveCfg = Release|Any CPU
		{31127463-E874-4FFA-ADF3-D592A28CF4E1}.Release|Any CPU.Build.0 = Release|Any CPU
	EndGlobalSection
	GlobalSection(SolutionProperties) = preSolution
		HideSolutionNode = FALSE
	EndGlobalSection
	GlobalSection(ExtensibilityGlobals) = postSolution
		SolutionGuid = {B2805405-C0D3-4B78-9699-7359962A749D}
	EndGlobalSection
EndGlobal
